
Microsoft Visual Studio Solution File, Format Version 12.00
# Visual Studio Version 16
VisualStudioVersion = 16.0.31005.135
MinimumVisualStudioVersion = 10.0.40219.1
Project("{8BC9CEB8-8B4A-11D0-8D11-00A0C91BC942}") = "Tree", "Tree.vcxproj", "{CECAEFB5-6ECC-42F9-B26B-49335BB7EA7C}"
EndProject
Global
	GlobalSection(SolutionConfigurationPlatforms) = preSolution
		Debug|x64 = Debug|x64
		Debug|x86 = Debug|x86
		Release|x64 = Release|x64
		Release|x86 = Release|x86
	EndGlobalSection
	GlobalSection(ProjectConfigurationPlatforms) = postSolution
		{CECAEFB5-6ECC-42F9-B26B-49335BB7EA7C}.Debug|x64.ActiveCfg = Debug|x64
		{CECAEFB5-6ECC-42F9-B26B-49335BB7EA7C}.Debug|x64.Build.0 = Debug|x64
		{CECAEFB5-6ECC-42F9-B26B-49335BB7EA7C}.Debug|x86.ActiveCfg = Debug|Win32
		{CECAEFB5-6ECC-42F9-B26B-49335BB7EA7C}.Debug|x86.Build.0 = Debug|Win32
		{CECAEFB5-6ECC-42F9-B26B-49335BB7EA7C}.Release|x64.ActiveCfg = Release|x64
		{CECAEFB5-6ECC-42F9-B26B-49335BB7EA7C}.Release|x64.Build.0 = Release|x64
		{CECAEFB5-6ECC-42F9-B26B-49335BB7EA7C}.Release|x86.ActiveCfg = Release|Win32
		{CECAEFB5-6ECC-42F9-B26B-49335BB7EA7C}.Release|x86.Build.0 = Release|Win32
	EndGlobalSection
	GlobalSection(SolutionProperties) = preSolution
		HideSolutionNode = FALSE
	EndGlobalSection
	GlobalSection(ExtensibilityGlobals) = postSolution
		SolutionGuid = {FB71648D-8580-4512-BB9F-28F22BD0C2BE}
	EndGlobalSection
EndGlobal
